
Microsoft Visual Studio Solution File, Format Version 12.00
# Visual Studio Version 16
VisualStudioVersion = 16.0.31112.23
MinimumVisualStudioVersion = 10.0.40219.1
Project("{FAE04EC0-301F-11D3-BF4B-00C04F79EFBC}") = "Uçak Bilet Rezervasyon Siztemi", "Uçak Bilet Rezervasyon Siztemi\Uçak Bilet Rezervasyon Siztemi.csproj", "{416655D0-0E52-4483-9488-58A3B79B4887}"
EndProject
Global
	GlobalSection(SolutionConfigurationPlatforms) = preSolution
		Debug|Any CPU = Debug|Any CPU
		Release|Any CPU = Release|Any CPU
	EndGlobalSection
	GlobalSection(ProjectConfigurationPlatforms) = postSolution
		{416655D0-0E52-4483-9488-58A3B79B4887}.Debug|Any CPU.ActiveCfg = Debug|Any CPU
		{416655D0-0E52-4483-9488-58A3B79B4887}.Debug|Any CPU.Build.0 = Debug|Any CPU
		{416655D0-0E52-4483-9488-58A3B79B4887}.Release|Any CPU.ActiveCfg = Release|Any CPU
		{416655D0-0E52-4483-9488-58A3B79B4887}.Release|Any CPU.Build.0 = Release|Any CPU
	EndGlobalSection
	GlobalSection(SolutionProperties) = preSolution
		HideSolutionNode = FALSE
	EndGlobalSection
	GlobalSection(ExtensibilityGlobals) = postSolution
		SolutionGuid = {FE46EEED-C649-4C12-9349-82FA5C5D9535}
	EndGlobalSection
EndGlobal
